
Microsoft Visual Studio Solution File, Format Version 12.00
# Visual Studio Version 16
VisualStudioVersion = 16.0.810.13
MinimumVisualStudioVersion = 10.0.40219.1
Project("{FAE04EC0-301F-11D3-BF4B-00C04F79EFBC}") = "DockerDotNetApp", "DockerDotNetApp\DockerDotNetApp.csproj", "{B9D47434-6B52-45BF-B3A3-A8EF1173509E}"
EndProject
Global
	GlobalSection(SolutionConfigurationPlatforms) = preSolution
		Debug|Any CPU = Debug|Any CPU
		Release|Any CPU = Release|Any CPU
	EndGlobalSection
	GlobalSection(ProjectConfigurationPlatforms) = postSolution
		{B9D47434-6B52-45BF-B3A3-A8EF1173509E}.Debug|Any CPU.ActiveCfg = Debug|Any CPU
		{B9D47434-6B52-45BF-B3A3-A8EF1173509E}.Debug|Any CPU.Build.0 = Debug|Any CPU
		{B9D47434-6B52-45BF-B3A3-A8EF1173509E}.Release|Any CPU.ActiveCfg = Release|Any CPU
		{B9D47434-6B52-45BF-B3A3-A8EF1173509E}.Release|Any CPU.Build.0 = Release|Any CPU
	EndGlobalSection
	GlobalSection(SolutionProperties) = preSolution
		HideSolutionNode = FALSE
	EndGlobalSection
	GlobalSection(ExtensibilityGlobals) = postSolution
		SolutionGuid = {8EA65933-B09A-4597-8787-48346F2C1AD8}
	EndGlobalSection
EndGlobal
